// !$*UTF8*$!
{
    archiveVersion = 1;
    classes = {};
    objectVersion = 46;
    rootObject = __RootObject_;
    objects = {
        __RootObject_ = {
            isa = PBXProject;
            attributes = {LastUpgradeCheck = 9999;};
            buildConfigurationList = ___RootConfs_;
            compatibilityVersion = 'Xcode 3.2';
            developmentRegion = English;
            hasScannedForEncodings = 0;
            knownRegions = (en);
            mainGroup = ___RootGroup_;
            productRefGroup = ____Products_;
            projectDirPath = '';
            projectRoot = '';
            targets = (______Target_Verona, ______Target_VeronaTests);
        };
        '__PBXFileRef_Package.swift' = {
            isa = PBXFileReference;
            lastKnownFileType = sourcecode.swift;
            path = 'Package.swift';
            sourceTree = '<group>';
        };
        ___RootGroup_ = {
            isa = PBXGroup;
            children = ('__PBXFileRef_Package.swift', _____Configs_, _____Sources_,  Dependencies_, _______Tests_, ____Products_);
            sourceTree = '<group>';
        };
        _______Group_Verona = {
            isa = PBXGroup;
            name = 'Verona';
            path = 'Sources';
            sourceTree = '<group>';
            children = ('__PBXFileRef_Sources/Verona.swift');
        };
        '__PBXFileRef_Sources/Verona.swift' = {
            isa = PBXFileReference;
            lastKnownFileType = sourcecode.swift;
            path = 'Verona.swift';
            sourceTree = '<group>';
        };
        ______Target_Verona = {
            isa = PBXNativeTarget;
            buildConfigurationList = _______Confs_Verona;
            buildPhases = (CompilePhase_Verona, ___LinkPhase_Verona);
            buildRules = ();
            dependencies = ();
            name = 'Verona';
            productName = Verona;
            productReference = _____Product_Verona;
            productType = 'com.apple.product-type.framework';
        };
        _____Product_Verona = {
            isa = PBXFileReference;
            explicitFileType = 'wrapper.framework';
            path = 'Verona.framework';
            sourceTree = BUILT_PRODUCTS_DIR;
        };
        CompilePhase_Verona = {
            isa = PBXSourcesBuildPhase;
            files = ('__src_cc_ref_Sources/Verona.swift');
            runOnlyForDeploymentPostprocessing = 0;
        };
        '__src_cc_ref_Sources/Verona.swift' = {
            isa = PBXBuildFile;
            fileRef = '__PBXFileRef_Sources/Verona.swift';
        };
        ___LinkPhase_Verona = {
            isa = PBXFrameworksBuildPhase;
            files = ();
            runOnlyForDeploymentPostprocessing = 0;
        };
        _______Confs_Verona = {
            isa = XCConfigurationList;
            buildConfigurations = (___DebugConf_Verona, _ReleaseConf_Verona);
            defaultConfigurationIsVisible = 0;
            defaultConfigurationName = Debug;
        };
        ___DebugConf_Verona = {
            isa = XCBuildConfiguration;
            buildSettings = { SWIFT_VERSION = '3.0'; LD_RUNPATH_SEARCH_PATHS = '$(TOOLCHAIN_DIR)/usr/lib/swift/macosx'; PRODUCT_MODULE_NAME = '$(TARGET_NAME:c99extidentifier)'; ENABLE_TESTABILITY = 'YES'; OTHER_SWIFT_FLAGS = '$(inherited)'; INFOPLIST_FILE = 'Verona.xcodeproj/Verona_Info.plist'; FRAMEWORK_SEARCH_PATHS = '$(PLATFORM_DIR)/Developer/Library/Frameworks'; SWIFT_OPTIMIZATION_LEVEL = '-Onone'; PRODUCT_BUNDLE_IDENTIFIER = 'Verona'; PRODUCT_NAME = '$(TARGET_NAME:c99extidentifier)'; OTHER_LDFLAGS = '$(inherited)'; };
            name = Debug;
        };
        _ReleaseConf_Verona = {
            isa = XCBuildConfiguration;
            buildSettings = { SWIFT_VERSION = '3.0'; LD_RUNPATH_SEARCH_PATHS = '$(TOOLCHAIN_DIR)/usr/lib/swift/macosx'; PRODUCT_MODULE_NAME = '$(TARGET_NAME:c99extidentifier)'; ENABLE_TESTABILITY = 'YES'; OTHER_SWIFT_FLAGS = '$(inherited)'; INFOPLIST_FILE = 'Verona.xcodeproj/Verona_Info.plist'; FRAMEWORK_SEARCH_PATHS = '$(PLATFORM_DIR)/Developer/Library/Frameworks'; PRODUCT_BUNDLE_IDENTIFIER = 'Verona'; PRODUCT_NAME = '$(TARGET_NAME:c99extidentifier)'; OTHER_LDFLAGS = '$(inherited)'; };
            name = Release;
        };
        __Dependency_Verona = {
            isa = PBXTargetDependency;
            target = ______Target_Verona;
        };
        _______Group_VeronaTests = {
            isa = PBXGroup;
            name = 'VeronaTests';
            path = 'Tests/VeronaTests';
            sourceTree = '<group>';
            children = ('__PBXFileRef_Tests/VeronaTests/VeronaTests.swift');
        };
        '__PBXFileRef_Tests/VeronaTests/VeronaTests.swift' = {
            isa = PBXFileReference;
            lastKnownFileType = sourcecode.swift;
            path = 'VeronaTests.swift';
            sourceTree = '<group>';
        };
        ______Target_VeronaTests = {
            isa = PBXNativeTarget;
            buildConfigurationList = _______Confs_VeronaTests;
            buildPhases = (CompilePhase_VeronaTests, ___LinkPhase_VeronaTests);
            buildRules = ();
            dependencies = (__Dependency_Verona);
            name = 'VeronaTests';
            productName = VeronaTests;
            productReference = _____Product_VeronaTests;
            productType = 'com.apple.product-type.bundle.unit-test';
        };
        _____Product_VeronaTests = {
            isa = PBXFileReference;
            explicitFileType = 'compiled.mach-o.wrapper.cfbundle';
            path = 'VeronaTests.xctest';
            sourceTree = BUILT_PRODUCTS_DIR;
        };
        CompilePhase_VeronaTests = {
            isa = PBXSourcesBuildPhase;
            files = ('__src_cc_ref_Tests/VeronaTests/VeronaTests.swift');
            runOnlyForDeploymentPostprocessing = 0;
        };
        '__src_cc_ref_Tests/VeronaTests/VeronaTests.swift' = {
            isa = PBXBuildFile;
            fileRef = '__PBXFileRef_Tests/VeronaTests/VeronaTests.swift';
        };
        ___LinkPhase_VeronaTests = {
            isa = PBXFrameworksBuildPhase;
            files = (_LinkFileRef_Verona_via_VeronaTests);
            runOnlyForDeploymentPostprocessing = 0;
        };
        _LinkFileRef_Verona_via_VeronaTests = {
            isa = PBXBuildFile;
            fileRef = _____Product_Verona;
        };
        _______Confs_VeronaTests = {
            isa = XCConfigurationList;
            buildConfigurations = (___DebugConf_VeronaTests, _ReleaseConf_VeronaTests);
            defaultConfigurationIsVisible = 0;
            defaultConfigurationName = Debug;
        };
        ___DebugConf_VeronaTests = {
            isa = XCBuildConfiguration;
            buildSettings = { LD_RUNPATH_SEARCH_PATHS = '@loader_path/../Frameworks'; FRAMEWORK_SEARCH_PATHS = '$(PLATFORM_DIR)/Developer/Library/Frameworks'; OTHER_SWIFT_FLAGS = '$(inherited)'; INFOPLIST_FILE = 'Verona.xcodeproj/VeronaTests_Info.plist'; SWIFT_OPTIMIZATION_LEVEL = '-Onone'; EMBEDDED_CONTENT_CONTAINS_SWIFT = 'YES'; OTHER_LDFLAGS = '$(inherited)'; SWIFT_VERSION = '3.0'; };
            name = Debug;
        };
        _ReleaseConf_VeronaTests = {
            isa = XCBuildConfiguration;
            buildSettings = { LD_RUNPATH_SEARCH_PATHS = '@loader_path/../Frameworks'; FRAMEWORK_SEARCH_PATHS = '$(PLATFORM_DIR)/Developer/Library/Frameworks'; OTHER_SWIFT_FLAGS = '$(inherited)'; INFOPLIST_FILE = 'Verona.xcodeproj/VeronaTests_Info.plist'; EMBEDDED_CONTENT_CONTAINS_SWIFT = 'YES'; OTHER_LDFLAGS = '$(inherited)'; SWIFT_VERSION = '3.0'; };
            name = Release;
        };
        __Dependency_VeronaTests = {
            isa = PBXTargetDependency;
            target = ______Target_VeronaTests;
        };
        '__PBXFileRef_Verona.xcodeproj/Configs/Project.xcconfig' = {
            isa = PBXFileReference;
            lastKnownFileType = text.xcconfig;
            path = 'Verona.xcodeproj/Configs/Project.xcconfig';
            sourceTree = '<group>';
        };
        _____Configs_ = {
            isa = PBXGroup;
            children = ('__PBXFileRef_Verona.xcodeproj/Configs/Project.xcconfig');
            name = Configs;
            sourceTree = '<group>';
        };
        _____Sources_ = {
            isa = PBXGroup;
            children = (_______Group_Verona);
            name = Sources;
            sourceTree = '<group>';
        };
        _______Tests_ = {
            isa = PBXGroup;
            children = (_______Group_VeronaTests);
            name = Tests;
            sourceTree = '<group>';
        };
       TestProducts_ = {
            isa = PBXGroup;
            children = (_____Product_VeronaTests);
            name = Tests;
            sourceTree = '<group>';
        };
        ____Products_ = {
            isa = PBXGroup;
            children = (TestProducts_, _____Product_Verona);
            name = Products;
            sourceTree = '<group>';
        };
        _______Debug_ = {
            isa = XCBuildConfiguration;
            baseConfigurationReference = '__PBXFileRef_Verona.xcodeproj/Configs/Project.xcconfig';
            buildSettings = {};
            name = Debug;
        };
        _____Release_ = {
            isa = XCBuildConfiguration;
            baseConfigurationReference = '__PBXFileRef_Verona.xcodeproj/Configs/Project.xcconfig';
            buildSettings = {};
            name = Release;
        };
        ___RootConfs_ = {
            isa = XCConfigurationList;
            buildConfigurations = (_______Debug_, _____Release_);
            defaultConfigurationIsVisible = 0;
            defaultConfigurationName = Debug;
        };
    };
}
